
Microsoft Visual Studio Solution File, Format Version 12.00
# Visual Studio 14
VisualStudioVersion = 14.0.22310.1
MinimumVisualStudioVersion = 10.0.40219.1
Project("{FAE04EC0-301F-11D3-BF4B-00C04F79EFBC}") = "CrossPlatformModules", "CrossPlatformModules.csproj", "{2313F1BF-1F2D-4F11-806A-87927FA6A7C0}"
EndProject
Global
	GlobalSection(SolutionConfigurationPlatforms) = preSolution
		Android_Tests|Any CPU = Android_Tests|Any CPU
		Cross|Any CPU = Cross|Any CPU
		Cross-TS|Any CPU = Cross-TS|Any CPU
		Documentation|Any CPU = Documentation|Any CPU
		iOS_Tests|Any CPU = iOS_Tests|Any CPU
	EndGlobalSection
	GlobalSection(ProjectConfigurationPlatforms) = postSolution
		{2313F1BF-1F2D-4F11-806A-87927FA6A7C0}.Android_Tests|Any CPU.ActiveCfg = Android_Tests|Any CPU
		{2313F1BF-1F2D-4F11-806A-87927FA6A7C0}.Android_Tests|Any CPU.Build.0 = Android_Tests|Any CPU
		{2313F1BF-1F2D-4F11-806A-87927FA6A7C0}.Cross|Any CPU.ActiveCfg = Cross|Any CPU
		{2313F1BF-1F2D-4F11-806A-87927FA6A7C0}.Cross|Any CPU.Build.0 = Cross|Any CPU
		{2313F1BF-1F2D-4F11-806A-87927FA6A7C0}.Cross-TS|Any CPU.ActiveCfg = Cross-TS|Any CPU
		{2313F1BF-1F2D-4F11-806A-87927FA6A7C0}.Cross-TS|Any CPU.Build.0 = Cross-TS|Any CPU
		{2313F1BF-1F2D-4F11-806A-87927FA6A7C0}.Documentation|Any CPU.ActiveCfg = Documentation|Any CPU
		{2313F1BF-1F2D-4F11-806A-87927FA6A7C0}.Documentation|Any CPU.Build.0 = Documentation|Any CPU
		{2313F1BF-1F2D-4F11-806A-87927FA6A7C0}.iOS_Tests|Any CPU.ActiveCfg = iOS_Tests|Any CPU
		{2313F1BF-1F2D-4F11-806A-87927FA6A7C0}.iOS_Tests|Any CPU.Build.0 = iOS_Tests|Any CPU
	EndGlobalSection
	GlobalSection(SolutionProperties) = preSolution
		HideSolutionNode = FALSE
	EndGlobalSection
EndGlobal
