// !$*UTF8*$!
{
	archiveVersion = 1;
	classes = {
	};
	objectVersion = 46;
	objects = {

/* Begin PBXBuildFile section */
		8B7321CF1D097ECD00884AC6 /* TNSLabel.h in Headers */ = {isa = PBXBuildFile; fileRef = 8B7321CD1D097ECD00884AC6 /* TNSLabel.h */; settings = {ATTRIBUTES = (Public, ); }; };
		8B7321D01D097ECD00884AC6 /* TNSLabel.m in Sources */ = {isa = PBXBuildFile; fileRef = 8B7321CE1D097ECD00884AC6 /* TNSLabel.m */; };
		B8E76F52212C2DA2009CFCE2 /* NSObject+Swizzling.h in Headers */ = {isa = PBXBuildFile; fileRef = B8E76F50212C2DA2009CFCE2 /* NSObject+Swizzling.h */; settings = {ATTRIBUTES = (Private, ); }; };
		B8E76F53212C2DA2009CFCE2 /* NSObject+Swizzling.m in Sources */ = {isa = PBXBuildFile; fileRef = B8E76F51212C2DA2009CFCE2 /* NSObject+Swizzling.m */; };
		B8E76F5A212C2F4E009CFCE2 /* UIView+PropertyBag.h in Headers */ = {isa = PBXBuildFile; fileRef = B8E76F58212C2F4E009CFCE2 /* UIView+PropertyBag.h */; settings = {ATTRIBUTES = (Private, ); }; };
		B8E76F5B212C2F4E009CFCE2 /* UIView+PropertyBag.m in Sources */ = {isa = PBXBuildFile; fileRef = B8E76F59212C2F4E009CFCE2 /* UIView+PropertyBag.m */; };
		B8E76F5E212C3134009CFCE2 /* UIView+PassThroughParent.h in Headers */ = {isa = PBXBuildFile; fileRef = B8E76F5C212C3134009CFCE2 /* UIView+PassThroughParent.h */; settings = {ATTRIBUTES = (Public, ); }; };
		B8E76F5F212C3134009CFCE2 /* UIView+PassThroughParent.m in Sources */ = {isa = PBXBuildFile; fileRef = B8E76F5D212C3134009CFCE2 /* UIView+PassThroughParent.m */; };
		D004030F22F781A50089EAD8 /* NSString+Async.h in Headers */ = {isa = PBXBuildFile; fileRef = D004030D22F781A50089EAD8 /* NSString+Async.h */; settings = {ATTRIBUTES = (Public, ); }; };
		D004031022F781A50089EAD8 /* NSString+Async.m in Sources */ = {isa = PBXBuildFile; fileRef = D004030E22F781A50089EAD8 /* NSString+Async.m */; };
		D004031322FA27D60089EAD8 /* NSData+Async.h in Headers */ = {isa = PBXBuildFile; fileRef = D004031122FA27D60089EAD8 /* NSData+Async.h */; settings = {ATTRIBUTES = (Public, ); }; };
		D004031422FA27D60089EAD8 /* NSData+Async.m in Sources */ = {isa = PBXBuildFile; fileRef = D004031222FA27D60089EAD8 /* NSData+Async.m */; };
		F915D3551EC9EF5E00071914 /* TNSProcess.m in Sources */ = {isa = PBXBuildFile; fileRef = F915D3531EC9EF5E00071914 /* TNSProcess.m */; };
		F915D3561EC9EF5E00071914 /* TNSProcess.h in Headers */ = {isa = PBXBuildFile; fileRef = F915D3541EC9EF5E00071914 /* TNSProcess.h */; settings = {ATTRIBUTES = (Public, ); }; };
		F98F5CB31CD0EFEA00978308 /* TNSWidgets.h in Headers */ = {isa = PBXBuildFile; fileRef = F98F5CB21CD0EFEA00978308 /* TNSWidgets.h */; settings = {ATTRIBUTES = (Public, ); }; };
		F98F5CBA1CD0EFEA00978308 /* TNSWidgets.framework in Frameworks */ = {isa = PBXBuildFile; fileRef = F98F5CAF1CD0EFEA00978308 /* TNSWidgets.framework */; };
		F98F5CBF1CD0EFEA00978308 /* TNSWidgetsTests.m in Sources */ = {isa = PBXBuildFile; fileRef = F98F5CBE1CD0EFEA00978308 /* TNSWidgetsTests.m */; };
		F98F5CCB1CD0F09E00978308 /* UIImage+TNSBlocks.h in Headers */ = {isa = PBXBuildFile; fileRef = F98F5CC91CD0F09E00978308 /* UIImage+TNSBlocks.h */; settings = {ATTRIBUTES = (Public, ); }; };
		F98F5CCC1CD0F09E00978308 /* UIImage+TNSBlocks.m in Sources */ = {isa = PBXBuildFile; fileRef = F98F5CCA1CD0F09E00978308 /* UIImage+TNSBlocks.m */; };
/* End PBXBuildFile section */

/* Begin PBXContainerItemProxy section */
		F98F5CBB1CD0EFEA00978308 /* PBXContainerItemProxy */ = {
			isa = PBXContainerItemProxy;
			containerPortal = F98F5CA61CD0EFEA00978308 /* Project object */;
			proxyType = 1;
			remoteGlobalIDString = F98F5CAE1CD0EFEA00978308;
			remoteInfo = TNSWidgets;
		};
/* End PBXContainerItemProxy section */

/* Begin PBXFileReference section */
		8B7321CD1D097ECD00884AC6 /* TNSLabel.h */ = {isa = PBXFileReference; fileEncoding = 4; lastKnownFileType = sourcecode.c.h; path = TNSLabel.h; sourceTree = "<group>"; };
		8B7321CE1D097ECD00884AC6 /* TNSLabel.m */ = {isa = PBXFileReference; fileEncoding = 4; lastKnownFileType = sourcecode.c.objc; path = TNSLabel.m; sourceTree = "<group>"; };
		B8E76F50212C2DA2009CFCE2 /* NSObject+Swizzling.h */ = {isa = PBXFileReference; lastKnownFileType = sourcecode.c.h; path = "NSObject+Swizzling.h"; sourceTree = "<group>"; };
		B8E76F51212C2DA2009CFCE2 /* NSObject+Swizzling.m */ = {isa = PBXFileReference; lastKnownFileType = sourcecode.c.objc; path = "NSObject+Swizzling.m"; sourceTree = "<group>"; };
		B8E76F58212C2F4E009CFCE2 /* UIView+PropertyBag.h */ = {isa = PBXFileReference; lastKnownFileType = sourcecode.c.h; path = "UIView+PropertyBag.h"; sourceTree = "<group>"; };
		B8E76F59212C2F4E009CFCE2 /* UIView+PropertyBag.m */ = {isa = PBXFileReference; lastKnownFileType = sourcecode.c.objc; path = "UIView+PropertyBag.m"; sourceTree = "<group>"; };
		B8E76F5C212C3134009CFCE2 /* UIView+PassThroughParent.h */ = {isa = PBXFileReference; lastKnownFileType = sourcecode.c.h; path = "UIView+PassThroughParent.h"; sourceTree = "<group>"; };
		B8E76F5D212C3134009CFCE2 /* UIView+PassThroughParent.m */ = {isa = PBXFileReference; lastKnownFileType = sourcecode.c.objc; path = "UIView+PassThroughParent.m"; sourceTree = "<group>"; };
		D004030D22F781A50089EAD8 /* NSString+Async.h */ = {isa = PBXFileReference; lastKnownFileType = sourcecode.c.h; path = "NSString+Async.h"; sourceTree = "<group>"; };
		D004030E22F781A50089EAD8 /* NSString+Async.m */ = {isa = PBXFileReference; lastKnownFileType = sourcecode.c.objc; path = "NSString+Async.m"; sourceTree = "<group>"; };
		D004031122FA27D60089EAD8 /* NSData+Async.h */ = {isa = PBXFileReference; lastKnownFileType = sourcecode.c.h; path = "NSData+Async.h"; sourceTree = "<group>"; };
		D004031222FA27D60089EAD8 /* NSData+Async.m */ = {isa = PBXFileReference; lastKnownFileType = sourcecode.c.objc; path = "NSData+Async.m"; sourceTree = "<group>"; };
		F915D3531EC9EF5E00071914 /* TNSProcess.m */ = {isa = PBXFileReference; fileEncoding = 4; lastKnownFileType = sourcecode.c.objc; name = TNSProcess.m; path = ../TNSProcess.m; sourceTree = "<group>"; };
		F915D3541EC9EF5E00071914 /* TNSProcess.h */ = {isa = PBXFileReference; fileEncoding = 4; lastKnownFileType = sourcecode.c.h; name = TNSProcess.h; path = ../TNSProcess.h; sourceTree = "<group>"; };
		F98F5CAF1CD0EFEA00978308 /* TNSWidgets.framework */ = {isa = PBXFileReference; explicitFileType = wrapper.framework; includeInIndex = 0; path = TNSWidgets.framework; sourceTree = BUILT_PRODUCTS_DIR; };
		F98F5CB21CD0EFEA00978308 /* TNSWidgets.h */ = {isa = PBXFileReference; lastKnownFileType = sourcecode.c.h; path = TNSWidgets.h; sourceTree = "<group>"; };
		F98F5CB41CD0EFEA00978308 /* Info.plist */ = {isa = PBXFileReference; lastKnownFileType = text.plist.xml; path = Info.plist; sourceTree = "<group>"; };
		F98F5CB91CD0EFEA00978308 /* TNSWidgetsTests.xctest */ = {isa = PBXFileReference; explicitFileType = wrapper.cfbundle; includeInIndex = 0; path = TNSWidgetsTests.xctest; sourceTree = BUILT_PRODUCTS_DIR; };
		F98F5CBE1CD0EFEA00978308 /* TNSWidgetsTests.m */ = {isa = PBXFileReference; lastKnownFileType = sourcecode.c.objc; path = TNSWidgetsTests.m; sourceTree = "<group>"; };
		F98F5CC01CD0EFEA00978308 /* Info.plist */ = {isa = PBXFileReference; lastKnownFileType = text.plist.xml; path = Info.plist; sourceTree = "<group>"; };
		F98F5CC91CD0F09E00978308 /* UIImage+TNSBlocks.h */ = {isa = PBXFileReference; fileEncoding = 4; lastKnownFileType = sourcecode.c.h; path = "UIImage+TNSBlocks.h"; sourceTree = "<group>"; };
		F98F5CCA1CD0F09E00978308 /* UIImage+TNSBlocks.m */ = {isa = PBXFileReference; fileEncoding = 4; lastKnownFileType = sourcecode.c.objc; path = "UIImage+TNSBlocks.m"; sourceTree = "<group>"; };
/* End PBXFileReference section */

/* Begin PBXFrameworksBuildPhase section */
		F98F5CAB1CD0EFEA00978308 /* Frameworks */ = {
			isa = PBXFrameworksBuildPhase;
			buildActionMask = 2147483647;
			files = (
			);
			runOnlyForDeploymentPostprocessing = 0;
		};
		F98F5CB61CD0EFEA00978308 /* Frameworks */ = {
			isa = PBXFrameworksBuildPhase;
			buildActionMask = 2147483647;
			files = (
				F98F5CBA1CD0EFEA00978308 /* TNSWidgets.framework in Frameworks */,
			);
			runOnlyForDeploymentPostprocessing = 0;
		};
/* End PBXFrameworksBuildPhase section */

/* Begin PBXGroup section */
		F98F5CA51CD0EFEA00978308 = {
			isa = PBXGroup;
			children = (
				F98F5CB11CD0EFEA00978308 /* TNSWidgets */,
				F98F5CBD1CD0EFEA00978308 /* TNSWidgetsTests */,
				F98F5CB01CD0EFEA00978308 /* Products */,
			);
			sourceTree = "<group>";
		};
		F98F5CB01CD0EFEA00978308 /* Products */ = {
			isa = PBXGroup;
			children = (
				F98F5CAF1CD0EFEA00978308 /* TNSWidgets.framework */,
				F98F5CB91CD0EFEA00978308 /* TNSWidgetsTests.xctest */,
			);
			name = Products;
			sourceTree = "<group>";
		};
		F98F5CB11CD0EFEA00978308 /* TNSWidgets */ = {
			isa = PBXGroup;
			children = (
				F915D3531EC9EF5E00071914 /* TNSProcess.m */,
				F915D3541EC9EF5E00071914 /* TNSProcess.h */,
				F98F5CB21CD0EFEA00978308 /* TNSWidgets.h */,
				8B7321CD1D097ECD00884AC6 /* TNSLabel.h */,
				8B7321CE1D097ECD00884AC6 /* TNSLabel.m */,
				D004030D22F781A50089EAD8 /* NSString+Async.h */,
				D004030E22F781A50089EAD8 /* NSString+Async.m */,
				F98F5CC91CD0F09E00978308 /* UIImage+TNSBlocks.h */,
				F98F5CCA1CD0F09E00978308 /* UIImage+TNSBlocks.m */,
				F98F5CB41CD0EFEA00978308 /* Info.plist */,
				B8E76F50212C2DA2009CFCE2 /* NSObject+Swizzling.h */,
				B8E76F51212C2DA2009CFCE2 /* NSObject+Swizzling.m */,
				B8E76F58212C2F4E009CFCE2 /* UIView+PropertyBag.h */,
				B8E76F59212C2F4E009CFCE2 /* UIView+PropertyBag.m */,
				B8E76F5C212C3134009CFCE2 /* UIView+PassThroughParent.h */,
				B8E76F5D212C3134009CFCE2 /* UIView+PassThroughParent.m */,
				D004031122FA27D60089EAD8 /* NSData+Async.h */,
				D004031222FA27D60089EAD8 /* NSData+Async.m */,
			);
			path = TNSWidgets;
			sourceTree = "<group>";
		};
		F98F5CBD1CD0EFEA00978308 /* TNSWidgetsTests */ = {
			isa = PBXGroup;
			children = (
				F98F5CBE1CD0EFEA00978308 /* TNSWidgetsTests.m */,
				F98F5CC01CD0EFEA00978308 /* Info.plist */,
			);
			path = TNSWidgetsTests;
			sourceTree = "<group>";
		};
/* End PBXGroup section */

/* Begin PBXHeadersBuildPhase section */
		F98F5CAC1CD0EFEA00978308 /* Headers */ = {
			isa = PBXHeadersBuildPhase;
			buildActionMask = 2147483647;
			files = (
				F915D3561EC9EF5E00071914 /* TNSProcess.h in Headers */,
				F98F5CB31CD0EFEA00978308 /* TNSWidgets.h in Headers */,
				B8E76F5E212C3134009CFCE2 /* UIView+PassThroughParent.h in Headers */,
				D004031322FA27D60089EAD8 /* NSData+Async.h in Headers */,
				F98F5CCB1CD0F09E00978308 /* UIImage+TNSBlocks.h in Headers */,
				B8E76F52212C2DA2009CFCE2 /* NSObject+Swizzling.h in Headers */,
				B8E76F5A212C2F4E009CFCE2 /* UIView+PropertyBag.h in Headers */,
				D004030F22F781A50089EAD8 /* NSString+Async.h in Headers */,
				8B7321CF1D097ECD00884AC6 /* TNSLabel.h in Headers */,
			);
			runOnlyForDeploymentPostprocessing = 0;
		};
/* End PBXHeadersBuildPhase section */

/* Begin PBXNativeTarget section */
		F98F5CAE1CD0EFEA00978308 /* TNSWidgets */ = {
			isa = PBXNativeTarget;
			buildConfigurationList = F98F5CC31CD0EFEA00978308 /* Build configuration list for PBXNativeTarget "TNSWidgets" */;
			buildPhases = (
				F98F5CAA1CD0EFEA00978308 /* Sources */,
				F98F5CAB1CD0EFEA00978308 /* Frameworks */,
				F98F5CAC1CD0EFEA00978308 /* Headers */,
				F98F5CAD1CD0EFEA00978308 /* Resources */,
			);
			buildRules = (
			);
			dependencies = (
			);
			name = TNSWidgets;
			productName = TNSWidgets;
			productReference = F98F5CAF1CD0EFEA00978308 /* TNSWidgets.framework */;
			productType = "com.apple.product-type.framework";
		};
		F98F5CB81CD0EFEA00978308 /* TNSWidgetsTests */ = {
			isa = PBXNativeTarget;
			buildConfigurationList = F98F5CC61CD0EFEA00978308 /* Build configuration list for PBXNativeTarget "TNSWidgetsTests" */;
			buildPhases = (
				F98F5CB51CD0EFEA00978308 /* Sources */,
				F98F5CB61CD0EFEA00978308 /* Frameworks */,
				F98F5CB71CD0EFEA00978308 /* Resources */,
			);
			buildRules = (
			);
			dependencies = (
				F98F5CBC1CD0EFEA00978308 /* PBXTargetDependency */,
			);
			name = TNSWidgetsTests;
			productName = TNSWidgetsTests;
			productReference = F98F5CB91CD0EFEA00978308 /* TNSWidgetsTests.xctest */;
			productType = "com.apple.product-type.bundle.unit-test";
		};
/* End PBXNativeTarget section */

/* Begin PBXProject section */
		F98F5CA61CD0EFEA00978308 /* Project object */ = {
			isa = PBXProject;
			attributes = {
				LastUpgradeCheck = 0720;
				ORGANIZATIONNAME = "Telerik A D";
				TargetAttributes = {
					F98F5CAE1CD0EFEA00978308 = {
						CreatedOnToolsVersion = 7.2;
					};
					F98F5CB81CD0EFEA00978308 = {
						CreatedOnToolsVersion = 7.2;
					};
				};
			};
			buildConfigurationList = F98F5CA91CD0EFEA00978308 /* Build configuration list for PBXProject "TNSWidgets" */;
			compatibilityVersion = "Xcode 3.2";
			developmentRegion = English;
			hasScannedForEncodings = 0;
			knownRegions = (
				English,
				en,
			);
			mainGroup = F98F5CA51CD0EFEA00978308;
			productRefGroup = F98F5CB01CD0EFEA00978308 /* Products */;
			projectDirPath = "";
			projectRoot = "";
			targets = (
				F98F5CAE1CD0EFEA00978308 /* TNSWidgets */,
				F98F5CB81CD0EFEA00978308 /* TNSWidgetsTests */,
			);
		};
/* End PBXProject section */

/* Begin PBXResourcesBuildPhase section */
		F98F5CAD1CD0EFEA00978308 /* Resources */ = {
			isa = PBXResourcesBuildPhase;
			buildActionMask = 2147483647;
			files = (
			);
			runOnlyForDeploymentPostprocessing = 0;
		};
		F98F5CB71CD0EFEA00978308 /* Resources */ = {
			isa = PBXResourcesBuildPhase;
			buildActionMask = 2147483647;
			files = (
			);
			runOnlyForDeploymentPostprocessing = 0;
		};
/* End PBXResourcesBuildPhase section */

/* Begin PBXSourcesBuildPhase section */
		F98F5CAA1CD0EFEA00978308 /* Sources */ = {
			isa = PBXSourcesBuildPhase;
			buildActionMask = 2147483647;
			files = (
				8B7321D01D097ECD00884AC6 /* TNSLabel.m in Sources */,
				F915D3551EC9EF5E00071914 /* TNSProcess.m in Sources */,
				F98F5CCC1CD0F09E00978308 /* UIImage+TNSBlocks.m in Sources */,
				B8E76F53212C2DA2009CFCE2 /* NSObject+Swizzling.m in Sources */,
				D004031022F781A50089EAD8 /* NSString+Async.m in Sources */,
				D004031422FA27D60089EAD8 /* NSData+Async.m in Sources */,
				B8E76F5B212C2F4E009CFCE2 /* UIView+PropertyBag.m in Sources */,
				B8E76F5F212C3134009CFCE2 /* UIView+PassThroughParent.m in Sources */,
			);
			runOnlyForDeploymentPostprocessing = 0;
		};
		F98F5CB51CD0EFEA00978308 /* Sources */ = {
			isa = PBXSourcesBuildPhase;
			buildActionMask = 2147483647;
			files = (
				F98F5CBF1CD0EFEA00978308 /* TNSWidgetsTests.m in Sources */,
			);
			runOnlyForDeploymentPostprocessing = 0;
		};
/* End PBXSourcesBuildPhase section */

/* Begin PBXTargetDependency section */
		F98F5CBC1CD0EFEA00978308 /* PBXTargetDependency */ = {
			isa = PBXTargetDependency;
			target = F98F5CAE1CD0EFEA00978308 /* TNSWidgets */;
			targetProxy = F98F5CBB1CD0EFEA00978308 /* PBXContainerItemProxy */;
		};
/* End PBXTargetDependency section */

/* Begin XCBuildConfiguration section */
		F98F5CC11CD0EFEA00978308 /* Debug */ = {
			isa = XCBuildConfiguration;
			buildSettings = {
				ALWAYS_SEARCH_USER_PATHS = NO;
				CLANG_CXX_LANGUAGE_STANDARD = "gnu++0x";
				CLANG_CXX_LIBRARY = "libc++";
				CLANG_ENABLE_MODULES = YES;
				CLANG_ENABLE_OBJC_ARC = YES;
				CLANG_WARN_BOOL_CONVERSION = YES;
				CLANG_WARN_CONSTANT_CONVERSION = YES;
				CLANG_WARN_DIRECT_OBJC_ISA_USAGE = YES_ERROR;
				CLANG_WARN_EMPTY_BODY = YES;
				CLANG_WARN_ENUM_CONVERSION = YES;
				CLANG_WARN_INT_CONVERSION = YES;
				CLANG_WARN_OBJC_ROOT_CLASS = YES_ERROR;
				CLANG_WARN_UNREACHABLE_CODE = YES;
				CLANG_WARN__DUPLICATE_METHOD_MATCH = YES;
				"CODE_SIGN_IDENTITY[sdk=iphoneos*]" = "iPhone Developer";
				COPY_PHASE_STRIP = NO;
				CURRENT_PROJECT_VERSION = 1;
				DEBUG_INFORMATION_FORMAT = dwarf;
				ENABLE_STRICT_OBJC_MSGSEND = YES;
				ENABLE_TESTABILITY = YES;
				GCC_C_LANGUAGE_STANDARD = gnu99;
				GCC_DYNAMIC_NO_PIC = NO;
				GCC_NO_COMMON_BLOCKS = YES;
				GCC_OPTIMIZATION_LEVEL = 0;
				GCC_PREPROCESSOR_DEFINITIONS = (
					"DEBUG=1",
					"$(inherited)",
				);
				GCC_WARN_64_TO_32_BIT_CONVERSION = YES;
				GCC_WARN_ABOUT_RETURN_TYPE = YES_ERROR;
				GCC_WARN_UNDECLARED_SELECTOR = YES;
				GCC_WARN_UNINITIALIZED_AUTOS = YES_AGGRESSIVE;
				GCC_WARN_UNUSED_FUNCTION = YES;
				GCC_WARN_UNUSED_VARIABLE = YES;
				IPHONEOS_DEPLOYMENT_TARGET = 9.2;
				MTL_ENABLE_DEBUG_INFO = YES;
				ONLY_ACTIVE_ARCH = YES;
				SDKROOT = iphoneos;
				TARGETED_DEVICE_FAMILY = "1,2";
				VERSIONING_SYSTEM = "apple-generic";
				VERSION_INFO_PREFIX = "";
			};
			name = Debug;
		};
		F98F5CC21CD0EFEA00978308 /* Release */ = {
			isa = XCBuildConfiguration;
			buildSettings = {
				ALWAYS_SEARCH_USER_PATHS = NO;
				CLANG_CXX_LANGUAGE_STANDARD = "gnu++0x";
				CLANG_CXX_LIBRARY = "libc++";
				CLANG_ENABLE_MODULES = YES;
				CLANG_ENABLE_OBJC_ARC = YES;
				CLANG_WARN_BOOL_CONVERSION = YES;
				CLANG_WARN_CONSTANT_CONVERSION = YES;
				CLANG_WARN_DIRECT_OBJC_ISA_USAGE = YES_ERROR;
				CLANG_WARN_EMPTY_BODY = YES;
				CLANG_WARN_ENUM_CONVERSION = YES;
				CLANG_WARN_INT_CONVERSION = YES;
				CLANG_WARN_OBJC_ROOT_CLASS = YES_ERROR;
				CLANG_WARN_UNREACHABLE_CODE = YES;
				CLANG_WARN__DUPLICATE_METHOD_MATCH = YES;
				"CODE_SIGN_IDENTITY[sdk=iphoneos*]" = "iPhone Developer";
				COPY_PHASE_STRIP = NO;
				CURRENT_PROJECT_VERSION = 1;
				DEBUG_INFORMATION_FORMAT = "dwarf-with-dsym";
				ENABLE_NS_ASSERTIONS = NO;
				ENABLE_STRICT_OBJC_MSGSEND = YES;
				GCC_C_LANGUAGE_STANDARD = gnu99;
				GCC_NO_COMMON_BLOCKS = YES;
				GCC_WARN_64_TO_32_BIT_CONVERSION = YES;
				GCC_WARN_ABOUT_RETURN_TYPE = YES_ERROR;
				GCC_WARN_UNDECLARED_SELECTOR = YES;
				GCC_WARN_UNINITIALIZED_AUTOS = YES_AGGRESSIVE;
				GCC_WARN_UNUSED_FUNCTION = YES;
				GCC_WARN_UNUSED_VARIABLE = YES;
				IPHONEOS_DEPLOYMENT_TARGET = 9.2;
				MTL_ENABLE_DEBUG_INFO = NO;
				SDKROOT = iphoneos;
				TARGETED_DEVICE_FAMILY = "1,2";
				VALIDATE_PRODUCT = YES;
				VERSIONING_SYSTEM = "apple-generic";
				VERSION_INFO_PREFIX = "";
			};
			name = Release;
		};
		F98F5CC41CD0EFEA00978308 /* Debug */ = {
			isa = XCBuildConfiguration;
			buildSettings = {
				BITCODE_GENERATION_MODE = bitcode;
				DEFINES_MODULE = YES;
				DYLIB_COMPATIBILITY_VERSION = 1;
				DYLIB_CURRENT_VERSION = 1;
				DYLIB_INSTALL_NAME_BASE = "@rpath";
				INFOPLIST_FILE = TNSWidgets/Info.plist;
				INSTALL_PATH = "$(LOCAL_LIBRARY_DIR)/Frameworks";
				LD_RUNPATH_SEARCH_PATHS = "$(inherited) @executable_path/Frameworks @loader_path/Frameworks";
				PRODUCT_BUNDLE_IDENTIFIER = org.nativescript.TNSWidgets;
				PRODUCT_NAME = "$(TARGET_NAME)";
				SKIP_INSTALL = YES;
			};
			name = Debug;
		};
		F98F5CC51CD0EFEA00978308 /* Release */ = {
			isa = XCBuildConfiguration;
			buildSettings = {
				BITCODE_GENERATION_MODE = bitcode;
				DEFINES_MODULE = YES;
				DYLIB_COMPATIBILITY_VERSION = 1;
				DYLIB_CURRENT_VERSION = 1;
				DYLIB_INSTALL_NAME_BASE = "@rpath";
				INFOPLIST_FILE = TNSWidgets/Info.plist;
				INSTALL_PATH = "$(LOCAL_LIBRARY_DIR)/Frameworks";
				LD_RUNPATH_SEARCH_PATHS = "$(inherited) @executable_path/Frameworks @loader_path/Frameworks";
				PRODUCT_BUNDLE_IDENTIFIER = org.nativescript.TNSWidgets;
				PRODUCT_NAME = "$(TARGET_NAME)";
				SKIP_INSTALL = YES;
			};
			name = Release;
		};
		F98F5CC71CD0EFEA00978308 /* Debug */ = {
			isa = XCBuildConfiguration;
			buildSettings = {
				INFOPLIST_FILE = TNSWidgetsTests/Info.plist;
				LD_RUNPATH_SEARCH_PATHS = "$(inherited) @executable_path/Frameworks @loader_path/Frameworks";
				PRODUCT_BUNDLE_IDENTIFIER = org.nativescript.TNSWidgetsTests;
				PRODUCT_NAME = "$(TARGET_NAME)";
			};
			name = Debug;
		};
		F98F5CC81CD0EFEA00978308 /* Release */ = {
			isa = XCBuildConfiguration;
			buildSettings = {
				INFOPLIST_FILE = TNSWidgetsTests/Info.plist;
				LD_RUNPATH_SEARCH_PATHS = "$(inherited) @executable_path/Frameworks @loader_path/Frameworks";
				PRODUCT_BUNDLE_IDENTIFIER = org.nativescript.TNSWidgetsTests;
				PRODUCT_NAME = "$(TARGET_NAME)";
			};
			name = Release;
		};
/* End XCBuildConfiguration section */

/* Begin XCConfigurationList section */
		F98F5CA91CD0EFEA00978308 /* Build configuration list for PBXProject "TNSWidgets" */ = {
			isa = XCConfigurationList;
			buildConfigurations = (
				F98F5CC11CD0EFEA00978308 /* Debug */,
				F98F5CC21CD0EFEA00978308 /* Release */,
			);
			defaultConfigurationIsVisible = 0;
			defaultConfigurationName = Release;
		};
		F98F5CC31CD0EFEA00978308 /* Build configuration list for PBXNativeTarget "TNSWidgets" */ = {
			isa = XCConfigurationList;
			buildConfigurations = (
				F98F5CC41CD0EFEA00978308 /* Debug */,
				F98F5CC51CD0EFEA00978308 /* Release */,
			);
			defaultConfigurationIsVisible = 0;
			defaultConfigurationName = Release;
		};
		F98F5CC61CD0EFEA00978308 /* Build configuration list for PBXNativeTarget "TNSWidgetsTests" */ = {
			isa = XCConfigurationList;
			buildConfigurations = (
				F98F5CC71CD0EFEA00978308 /* Debug */,
				F98F5CC81CD0EFEA00978308 /* Release */,
			);
			defaultConfigurationIsVisible = 0;
			defaultConfigurationName = Release;
		};
/* End XCConfigurationList section */
	};
	rootObject = F98F5CA61CD0EFEA00978308 /* Project object */;
}
